// !$*UTF8*$!
{
	archiveVersion = 1;
	classes = {
	};
	objectVersion = 50;
	objects = {

/* Begin PBXBuildFile section */
		520154EB25ED591A002C77DE /* AppDelegate.swift in Sources */ = {isa = PBXBuildFile; fileRef = 520154EA25ED591A002C77DE /* AppDelegate.swift */; };
		520154ED25ED591A002C77DE /* art.scnassets in Resources */ = {isa = PBXBuildFile; fileRef = 520154EC25ED591A002C77DE /* art.scnassets */; };
		520154EF25ED591A002C77DE /* ViewController.swift in Sources */ = {isa = PBXBuildFile; fileRef = 520154EE25ED591A002C77DE /* ViewController.swift */; };
		520154F225ED591A002C77DE /* Main.storyboard in Resources */ = {isa = PBXBuildFile; fileRef = 520154F025ED591A002C77DE /* Main.storyboard */; };
		520154F425ED591B002C77DE /* Assets.xcassets in Resources */ = {isa = PBXBuildFile; fileRef = 520154F325ED591B002C77DE /* Assets.xcassets */; };
		520154F725ED591B002C77DE /* LaunchScreen.storyboard in Resources */ = {isa = PBXBuildFile; fileRef = 520154F525ED591B002C77DE /* LaunchScreen.storyboard */; };
		5201550425F107C4002C77DE /* Screenshot 1.PNG in Resources */ = {isa = PBXBuildFile; fileRef = 520154FF25F107C3002C77DE /* Screenshot 1.PNG */; };
		5201550525F107C4002C77DE /* Screenshot 3.PNG in Resources */ = {isa = PBXBuildFile; fileRef = 5201550025F107C3002C77DE /* Screenshot 3.PNG */; };
		5201550625F107C4002C77DE /* Screenshot 4.PNG in Resources */ = {isa = PBXBuildFile; fileRef = 5201550125F107C4002C77DE /* Screenshot 4.PNG */; };
		5201550725F107C4002C77DE /* Screenshot 5.PNG in Resources */ = {isa = PBXBuildFile; fileRef = 5201550225F107C4002C77DE /* Screenshot 5.PNG */; };
		5201550825F107C4002C77DE /* Screenshot 2.PNG in Resources */ = {isa = PBXBuildFile; fileRef = 5201550325F107C4002C77DE /* Screenshot 2.PNG */; };
/* End PBXBuildFile section */

/* Begin PBXFileReference section */
		520154E725ED591A002C77DE /* AR Image Finder.app */ = {isa = PBXFileReference; explicitFileType = wrapper.application; includeInIndex = 0; path = "AR Image Finder.app"; sourceTree = BUILT_PRODUCTS_DIR; };
		520154EA25ED591A002C77DE /* AppDelegate.swift */ = {isa = PBXFileReference; lastKnownFileType = sourcecode.swift; path = AppDelegate.swift; sourceTree = "<group>"; };
		520154EC25ED591A002C77DE /* art.scnassets */ = {isa = PBXFileReference; lastKnownFileType = wrapper.scnassets; path = art.scnassets; sourceTree = "<group>"; };
		520154EE25ED591A002C77DE /* ViewController.swift */ = {isa = PBXFileReference; lastKnownFileType = sourcecode.swift; path = ViewController.swift; sourceTree = "<group>"; };
		520154F125ED591A002C77DE /* Base */ = {isa = PBXFileReference; lastKnownFileType = file.storyboard; name = Base; path = Base.lproj/Main.storyboard; sourceTree = "<group>"; };
		520154F325ED591B002C77DE /* Assets.xcassets */ = {isa = PBXFileReference; lastKnownFileType = folder.assetcatalog; path = Assets.xcassets; sourceTree = "<group>"; };
		520154F625ED591B002C77DE /* Base */ = {isa = PBXFileReference; lastKnownFileType = file.storyboard; name = Base; path = Base.lproj/LaunchScreen.storyboard; sourceTree = "<group>"; };
		520154F825ED591B002C77DE /* Info.plist */ = {isa = PBXFileReference; lastKnownFileType = text.plist.xml; path = Info.plist; sourceTree = "<group>"; };
		520154FF25F107C3002C77DE /* Screenshot 1.PNG */ = {isa = PBXFileReference; lastKnownFileType = image.png; path = "Screenshot 1.PNG"; sourceTree = "<group>"; };
		5201550025F107C3002C77DE /* Screenshot 3.PNG */ = {isa = PBXFileReference; lastKnownFileType = image.png; path = "Screenshot 3.PNG"; sourceTree = "<group>"; };
		5201550125F107C4002C77DE /* Screenshot 4.PNG */ = {isa = PBXFileReference; lastKnownFileType = image.png; path = "Screenshot 4.PNG"; sourceTree = "<group>"; };
		5201550225F107C4002C77DE /* Screenshot 5.PNG */ = {isa = PBXFileReference; lastKnownFileType = image.png; path = "Screenshot 5.PNG"; sourceTree = "<group>"; };
		5201550325F107C4002C77DE /* Screenshot 2.PNG */ = {isa = PBXFileReference; lastKnownFileType = image.png; path = "Screenshot 2.PNG"; sourceTree = "<group>"; };
/* End PBXFileReference section */

/* Begin PBXFrameworksBuildPhase section */
		520154E425ED591A002C77DE /* Frameworks */ = {
			isa = PBXFrameworksBuildPhase;
			buildActionMask = 2147483647;
			files = (
			);
			runOnlyForDeploymentPostprocessing = 0;
		};
/* End PBXFrameworksBuildPhase section */

/* Begin PBXGroup section */
		520154DE25ED591A002C77DE = {
			isa = PBXGroup;
			children = (
				5201550B25F107DD002C77DE /* Screenshots */,
				520154E925ED591A002C77DE /* AR Image Finder */,
				520154E825ED591A002C77DE /* Products */,
			);
			sourceTree = "<group>";
		};
		520154E825ED591A002C77DE /* Products */ = {
			isa = PBXGroup;
			children = (
				520154E725ED591A002C77DE /* AR Image Finder.app */,
			);
			name = Products;
			sourceTree = "<group>";
		};
		520154E925ED591A002C77DE /* AR Image Finder */ = {
			isa = PBXGroup;
			children = (
				520154EA25ED591A002C77DE /* AppDelegate.swift */,
				520154EC25ED591A002C77DE /* art.scnassets */,
				520154EE25ED591A002C77DE /* ViewController.swift */,
				520154F025ED591A002C77DE /* Main.storyboard */,
				520154F325ED591B002C77DE /* Assets.xcassets */,
				520154F525ED591B002C77DE /* LaunchScreen.storyboard */,
				520154F825ED591B002C77DE /* Info.plist */,
			);
			path = "AR Image Finder";
			sourceTree = "<group>";
		};
		5201550B25F107DD002C77DE /* Screenshots */ = {
			isa = PBXGroup;
			children = (
				520154FF25F107C3002C77DE /* Screenshot 1.PNG */,
				5201550325F107C4002C77DE /* Screenshot 2.PNG */,
				5201550025F107C3002C77DE /* Screenshot 3.PNG */,
				5201550125F107C4002C77DE /* Screenshot 4.PNG */,
				5201550225F107C4002C77DE /* Screenshot 5.PNG */,
			);
			name = Screenshots;
			sourceTree = "<group>";
		};
/* End PBXGroup section */

/* Begin PBXNativeTarget section */
		520154E625ED591A002C77DE /* AR Image Finder */ = {
			isa = PBXNativeTarget;
			buildConfigurationList = 520154FB25ED591B002C77DE /* Build configuration list for PBXNativeTarget "AR Image Finder" */;
			buildPhases = (
				520154E325ED591A002C77DE /* Sources */,
				520154E425ED591A002C77DE /* Frameworks */,
				520154E525ED591A002C77DE /* Resources */,
			);
			buildRules = (
			);
			dependencies = (
			);
			name = "AR Image Finder";
			productName = "AR Image Finder";
			productReference = 520154E725ED591A002C77DE /* AR Image Finder.app */;
			productType = "com.apple.product-type.application";
		};
/* End PBXNativeTarget section */

/* Begin PBXProject section */
		520154DF25ED591A002C77DE /* Project object */ = {
			isa = PBXProject;
			attributes = {
				LastSwiftUpdateCheck = 1240;
				LastUpgradeCheck = 1240;
				TargetAttributes = {
					520154E625ED591A002C77DE = {
						CreatedOnToolsVersion = 12.4;
					};
				};
			};
			buildConfigurationList = 520154E225ED591A002C77DE /* Build configuration list for PBXProject "AR Image Finder" */;
			compatibilityVersion = "Xcode 9.3";
			developmentRegion = en;
			hasScannedForEncodings = 0;
			knownRegions = (
				en,
				Base,
			);
			mainGroup = 520154DE25ED591A002C77DE;
			productRefGroup = 520154E825ED591A002C77DE /* Products */;
			projectDirPath = "";
			projectRoot = "";
			targets = (
				520154E625ED591A002C77DE /* AR Image Finder */,
			);
		};
/* End PBXProject section */

/* Begin PBXResourcesBuildPhase section */
		520154E525ED591A002C77DE /* Resources */ = {
			isa = PBXResourcesBuildPhase;
			buildActionMask = 2147483647;
			files = (
				5201550425F107C4002C77DE /* Screenshot 1.PNG in Resources */,
				520154ED25ED591A002C77DE /* art.scnassets in Resources */,
				5201550625F107C4002C77DE /* Screenshot 4.PNG in Resources */,
				520154F725ED591B002C77DE /* LaunchScreen.storyboard in Resources */,
				520154F425ED591B002C77DE /* Assets.xcassets in Resources */,
				5201550525F107C4002C77DE /* Screenshot 3.PNG in Resources */,
				5201550725F107C4002C77DE /* Screenshot 5.PNG in Resources */,
				5201550825F107C4002C77DE /* Screenshot 2.PNG in Resources */,
				520154F225ED591A002C77DE /* Main.storyboard in Resources */,
			);
			runOnlyForDeploymentPostprocessing = 0;
		};
/* End PBXResourcesBuildPhase section */

/* Begin PBXSourcesBuildPhase section */
		520154E325ED591A002C77DE /* Sources */ = {
			isa = PBXSourcesBuildPhase;
			buildActionMask = 2147483647;
			files = (
				520154EF25ED591A002C77DE /* ViewController.swift in Sources */,
				520154EB25ED591A002C77DE /* AppDelegate.swift in Sources */,
			);
			runOnlyForDeploymentPostprocessing = 0;
		};
/* End PBXSourcesBuildPhase section */

/* Begin PBXVariantGroup section */
		520154F025ED591A002C77DE /* Main.storyboard */ = {
			isa = PBXVariantGroup;
			children = (
				520154F125ED591A002C77DE /* Base */,
			);
			name = Main.storyboard;
			sourceTree = "<group>";
		};
		520154F525ED591B002C77DE /* LaunchScreen.storyboard */ = {
			isa = PBXVariantGroup;
			children = (
				520154F625ED591B002C77DE /* Base */,
			);
			name = LaunchScreen.storyboard;
			sourceTree = "<group>";
		};
/* End PBXVariantGroup section */

/* Begin XCBuildConfiguration section */
		520154F925ED591B002C77DE /* Debug */ = {
			isa = XCBuildConfiguration;
			buildSettings = {
				ALWAYS_SEARCH_USER_PATHS = NO;
				CLANG_ANALYZER_NONNULL = YES;
				CLANG_ANALYZER_NUMBER_OBJECT_CONVERSION = YES_AGGRESSIVE;
				CLANG_CXX_LANGUAGE_STANDARD = "gnu++14";
				CLANG_CXX_LIBRARY = "libc++";
				CLANG_ENABLE_MODULES = YES;
				CLANG_ENABLE_OBJC_ARC = YES;
				CLANG_ENABLE_OBJC_WEAK = YES;
				CLANG_WARN_BLOCK_CAPTURE_AUTORELEASING = YES;
				CLANG_WARN_BOOL_CONVERSION = YES;
				CLANG_WARN_COMMA = YES;
				CLANG_WARN_CONSTANT_CONVERSION = YES;
				CLANG_WARN_DEPRECATED_OBJC_IMPLEMENTATIONS = YES;
				CLANG_WARN_DIRECT_OBJC_ISA_USAGE = YES_ERROR;
				CLANG_WARN_DOCUMENTATION_COMMENTS = YES;
				CLANG_WARN_EMPTY_BODY = YES;
				CLANG_WARN_ENUM_CONVERSION = YES;
				CLANG_WARN_INFINITE_RECURSION = YES;
				CLANG_WARN_INT_CONVERSION = YES;
				CLANG_WARN_NON_LITERAL_NULL_CONVERSION = YES;
				CLANG_WARN_OBJC_IMPLICIT_RETAIN_SELF = YES;
				CLANG_WARN_OBJC_LITERAL_CONVERSION = YES;
				CLANG_WARN_OBJC_ROOT_CLASS = YES_ERROR;
				CLANG_WARN_QUOTED_INCLUDE_IN_FRAMEWORK_HEADER = YES;
				CLANG_WARN_RANGE_LOOP_ANALYSIS = YES;
				CLANG_WARN_STRICT_PROTOTYPES = YES;
				CLANG_WARN_SUSPICIOUS_MOVE = YES;
				CLANG_WARN_UNGUARDED_AVAILABILITY = YES_AGGRESSIVE;
				CLANG_WARN_UNREACHABLE_CODE = YES;
				CLANG_WARN__DUPLICATE_METHOD_MATCH = YES;
				COPY_PHASE_STRIP = NO;
				DEBUG_INFORMATION_FORMAT = dwarf;
				ENABLE_STRICT_OBJC_MSGSEND = YES;
				ENABLE_TESTABILITY = YES;
				GCC_C_LANGUAGE_STANDARD = gnu11;
				GCC_DYNAMIC_NO_PIC = NO;
				GCC_NO_COMMON_BLOCKS = YES;
				GCC_OPTIMIZATION_LEVEL = 0;
				GCC_PREPROCESSOR_DEFINITIONS = (
					"DEBUG=1",
					"$(inherited)",
				);
				GCC_WARN_64_TO_32_BIT_CONVERSION = YES;
				GCC_WARN_ABOUT_RETURN_TYPE = YES_ERROR;
				GCC_WARN_UNDECLARED_SELECTOR = YES;
				GCC_WARN_UNINITIALIZED_AUTOS = YES_AGGRESSIVE;
				GCC_WARN_UNUSED_FUNCTION = YES;
				GCC_WARN_UNUSED_VARIABLE = YES;
				IPHONEOS_DEPLOYMENT_TARGET = 14.4;
				MTL_ENABLE_DEBUG_INFO = INCLUDE_SOURCE;
				MTL_FAST_MATH = YES;
				ONLY_ACTIVE_ARCH = YES;
				SDKROOT = iphoneos;
				SWIFT_ACTIVE_COMPILATION_CONDITIONS = DEBUG;
				SWIFT_OPTIMIZATION_LEVEL = "-Onone";
			};
			name = Debug;
		};
		520154FA25ED591B002C77DE /* Release */ = {
			isa = XCBuildConfiguration;
			buildSettings = {
				ALWAYS_SEARCH_USER_PATHS = NO;
				CLANG_ANALYZER_NONNULL = YES;
				CLANG_ANALYZER_NUMBER_OBJECT_CONVERSION = YES_AGGRESSIVE;
				CLANG_CXX_LANGUAGE_STANDARD = "gnu++14";
				CLANG_CXX_LIBRARY = "libc++";
				CLANG_ENABLE_MODULES = YES;
				CLANG_ENABLE_OBJC_ARC = YES;
				CLANG_ENABLE_OBJC_WEAK = YES;
				CLANG_WARN_BLOCK_CAPTURE_AUTORELEASING = YES;
				CLANG_WARN_BOOL_CONVERSION = YES;
				CLANG_WARN_COMMA = YES;
				CLANG_WARN_CONSTANT_CONVERSION = YES;
				CLANG_WARN_DEPRECATED_OBJC_IMPLEMENTATIONS = YES;
				CLANG_WARN_DIRECT_OBJC_ISA_USAGE = YES_ERROR;
				CLANG_WARN_DOCUMENTATION_COMMENTS = YES;
				CLANG_WARN_EMPTY_BODY = YES;
				CLANG_WARN_ENUM_CONVERSION = YES;
				CLANG_WARN_INFINITE_RECURSION = YES;
				CLANG_WARN_INT_CONVERSION = YES;
				CLANG_WARN_NON_LITERAL_NULL_CONVERSION = YES;
				CLANG_WARN_OBJC_IMPLICIT_RETAIN_SELF = YES;
				CLANG_WARN_OBJC_LITERAL_CONVERSION = YES;
				CLANG_WARN_OBJC_ROOT_CLASS = YES_ERROR;
				CLANG_WARN_QUOTED_INCLUDE_IN_FRAMEWORK_HEADER = YES;
				CLANG_WARN_RANGE_LOOP_ANALYSIS = YES;
				CLANG_WARN_STRICT_PROTOTYPES = YES;
				CLANG_WARN_SUSPICIOUS_MOVE = YES;
				CLANG_WARN_UNGUARDED_AVAILABILITY = YES_AGGRESSIVE;
				CLANG_WARN_UNREACHABLE_CODE = YES;
				CLANG_WARN__DUPLICATE_METHOD_MATCH = YES;
				COPY_PHASE_STRIP = NO;
				DEBUG_INFORMATION_FORMAT = "dwarf-with-dsym";
				ENABLE_NS_ASSERTIONS = NO;
				ENABLE_STRICT_OBJC_MSGSEND = YES;
				GCC_C_LANGUAGE_STANDARD = gnu11;
				GCC_NO_COMMON_BLOCKS = YES;
				GCC_WARN_64_TO_32_BIT_CONVERSION = YES;
				GCC_WARN_ABOUT_RETURN_TYPE = YES_ERROR;
				GCC_WARN_UNDECLARED_SELECTOR = YES;
				GCC_WARN_UNINITIALIZED_AUTOS = YES_AGGRESSIVE;
				GCC_WARN_UNUSED_FUNCTION = YES;
				GCC_WARN_UNUSED_VARIABLE = YES;
				IPHONEOS_DEPLOYMENT_TARGET = 14.4;
				MTL_ENABLE_DEBUG_INFO = NO;
				MTL_FAST_MATH = YES;
				SDKROOT = iphoneos;
				SWIFT_COMPILATION_MODE = wholemodule;
				SWIFT_OPTIMIZATION_LEVEL = "-O";
				VALIDATE_PRODUCT = YES;
			};
			name = Release;
		};
		520154FC25ED591B002C77DE /* Debug */ = {
			isa = XCBuildConfiguration;
			buildSettings = {
				ASSETCATALOG_COMPILER_APPICON_NAME = AppIcon;
				ASSETCATALOG_COMPILER_GLOBAL_ACCENT_COLOR_NAME = AccentColor;
				CODE_SIGN_STYLE = Automatic;
				DEVELOPMENT_TEAM = G8F8X83QKT;
				INFOPLIST_FILE = "AR Image Finder/Info.plist";
				LD_RUNPATH_SEARCH_PATHS = (
					"$(inherited)",
					"@executable_path/Frameworks",
				);
				PRODUCT_BUNDLE_IDENTIFIER = "com.myProdject.AR-Image-Finder";
				PRODUCT_NAME = "$(TARGET_NAME)";
				SWIFT_VERSION = 5.0;
				TARGETED_DEVICE_FAMILY = "1,2";
			};
			name = Debug;
		};
		520154FD25ED591B002C77DE /* Release */ = {
			isa = XCBuildConfiguration;
			buildSettings = {
				ASSETCATALOG_COMPILER_APPICON_NAME = AppIcon;
				ASSETCATALOG_COMPILER_GLOBAL_ACCENT_COLOR_NAME = AccentColor;
				CODE_SIGN_STYLE = Automatic;
				DEVELOPMENT_TEAM = G8F8X83QKT;
				INFOPLIST_FILE = "AR Image Finder/Info.plist";
				LD_RUNPATH_SEARCH_PATHS = (
					"$(inherited)",
					"@executable_path/Frameworks",
				);
				PRODUCT_BUNDLE_IDENTIFIER = "com.myProdject.AR-Image-Finder";
				PRODUCT_NAME = "$(TARGET_NAME)";
				SWIFT_VERSION = 5.0;
				TARGETED_DEVICE_FAMILY = "1,2";
			};
			name = Release;
		};
/* End XCBuildConfiguration section */

/* Begin XCConfigurationList section */
		520154E225ED591A002C77DE /* Build configuration list for PBXProject "AR Image Finder" */ = {
			isa = XCConfigurationList;
			buildConfigurations = (
				520154F925ED591B002C77DE /* Debug */,
				520154FA25ED591B002C77DE /* Release */,
			);
			defaultConfigurationIsVisible = 0;
			defaultConfigurationName = Release;
		};
		520154FB25ED591B002C77DE /* Build configuration list for PBXNativeTarget "AR Image Finder" */ = {
			isa = XCConfigurationList;
			buildConfigurations = (
				520154FC25ED591B002C77DE /* Debug */,
				520154FD25ED591B002C77DE /* Release */,
			);
			defaultConfigurationIsVisible = 0;
			defaultConfigurationName = Release;
		};
/* End XCConfigurationList section */
	};
	rootObject = 520154DF25ED591A002C77DE /* Project object */;
}
